{
  "requires": true,
  "lockfileVersion": 1,
  "dependencies": {
    "bootstrap": {
      "version": "5.0.0-alpha1",
      "resolved": "https://registry.npmjs.org/bootstrap/-/bootstrap-5.0.0-alpha1.tgz",
      "integrity": "sha512-iwKneP2pLXl8lN0YpnOuOARiNPTzmh/4cw+Un86u4OqrMLuQpyMC7nO07hvivvcg0B/ektJPjuPnS1s+YmRK9A=="
    },
    "ngx-bootstrap": {
      "version": "6.1.0",
      "resolved": "https://registry.npmjs.org/ngx-bootstrap/-/ngx-bootstrap-6.1.0.tgz",
      "integrity": "sha512-IDHPO3WE7YYhLZ7jnrH1wmMORhthoyHn6Gbl27FvXksG0OlTm5x8CyK5+EQfnDfxBEElju8n4Tfb8ga3aJYFTA=="
    }
  }
}
